
Microsoft Visual Studio Solution File, Format Version 12.00
# Visual Studio Version 16
VisualStudioVersion = 16.0.31205.134
MinimumVisualStudioVersion = 10.0.40219.1
Project("{FAE04EC0-301F-11D3-BF4B-00C04F79EFBC}") = "OOP_Lab5", "OOP_Lab5\OOP_Lab5.csproj", "{D3807251-C347-4184-85E4-C958714023F8}"
EndProject
Global
	GlobalSection(SolutionConfigurationPlatforms) = preSolution
		Debug|Any CPU = Debug|Any CPU
		Release|Any CPU = Release|Any CPU
	EndGlobalSection
	GlobalSection(ProjectConfigurationPlatforms) = postSolution
		{D3807251-C347-4184-85E4-C958714023F8}.Debug|Any CPU.ActiveCfg = Debug|Any CPU
		{D3807251-C347-4184-85E4-C958714023F8}.Debug|Any CPU.Build.0 = Debug|Any CPU
		{D3807251-C347-4184-85E4-C958714023F8}.Release|Any CPU.ActiveCfg = Release|Any CPU
		{D3807251-C347-4184-85E4-C958714023F8}.Release|Any CPU.Build.0 = Release|Any CPU
	EndGlobalSection
	GlobalSection(SolutionProperties) = preSolution
		HideSolutionNode = FALSE
	EndGlobalSection
	GlobalSection(ExtensibilityGlobals) = postSolution
		SolutionGuid = {C028F326-00CB-469D-9D84-85D02608E34D}
	EndGlobalSection
EndGlobal
